// !$*UTF8*$!
{
	archiveVersion = 1;
	classes = {
	};
	objectVersion = 46;
	objects = {

/* Begin PBXBuildFile section */
		89A8C5231BF575190017C319 /* Login.storyboard in Resources */ = {isa = PBXBuildFile; fileRef = 89A8C5221BF575190017C319 /* Login.storyboard */; };
		89A8C5251BFB64CE0017C319 /* LoginViewController.swift in Sources */ = {isa = PBXBuildFile; fileRef = 89A8C5241BFB64CE0017C319 /* LoginViewController.swift */; };
		89A8C52C1BFB657B0017C319 /* Button.swift in Sources */ = {isa = PBXBuildFile; fileRef = 89A8C5281BFB657B0017C319 /* Button.swift */; };
		89A8C52D1BFB657B0017C319 /* ImageView.swift in Sources */ = {isa = PBXBuildFile; fileRef = 89A8C5291BFB657B0017C319 /* ImageView.swift */; };
		89A8C52E1BFB657B0017C319 /* Label.swift in Sources */ = {isa = PBXBuildFile; fileRef = 89A8C52A1BFB657B0017C319 /* Label.swift */; };
		89A8C52F1BFB657B0017C319 /* View.swift in Sources */ = {isa = PBXBuildFile; fileRef = 89A8C52B1BFB657B0017C319 /* View.swift */; };
		89A8C5321BFCC0350017C319 /* CreateAccountViewController.swift in Sources */ = {isa = PBXBuildFile; fileRef = 89A8C5311BFCC0350017C319 /* CreateAccountViewController.swift */; };
		89A8C5351BFCD8F20017C319 /* AccountViewLogic.swift in Sources */ = {isa = PBXBuildFile; fileRef = 89A8C5341BFCD8F20017C319 /* AccountViewLogic.swift */; };
		89A8C5371BFCD9220017C319 /* AccountViewLogicTests.swift in Sources */ = {isa = PBXBuildFile; fileRef = 89A8C5361BFCD9220017C319 /* AccountViewLogicTests.swift */; };
		89A8C5381BFCDFDB0017C319 /* Parse.framework in Frameworks */ = {isa = PBXBuildFile; fileRef = 89B5DEA51BEC315D00DD06C5 /* Parse.framework */; };
		89A8C53B1BFE12380017C319 /* ParseWrapper.swift in Sources */ = {isa = PBXBuildFile; fileRef = 89A8C53A1BFE12380017C319 /* ParseWrapper.swift */; };
		89A8C53D1C010DCC0017C319 /* DesignablesTests.swift in Sources */ = {isa = PBXBuildFile; fileRef = 89A8C53C1C010DCC0017C319 /* DesignablesTests.swift */; };
		89A8C5401C0111C20017C319 /* GuildProtocols.swift in Sources */ = {isa = PBXBuildFile; fileRef = 89A8C53F1C0111C20017C319 /* GuildProtocols.swift */; };
		89A8C5431C01120F0017C319 /* ViewLogic.swift in Sources */ = {isa = PBXBuildFile; fileRef = 89A8C5421C01120F0017C319 /* ViewLogic.swift */; };
		89A8C5461C01155A0017C319 /* Account.swift in Sources */ = {isa = PBXBuildFile; fileRef = 89A8C5451C01155A0017C319 /* Account.swift */; };
		89A8C54A1C011A3E0017C319 /* CreateAccountViewControllerTests.swift in Sources */ = {isa = PBXBuildFile; fileRef = 89A8C5491C011A3E0017C319 /* CreateAccountViewControllerTests.swift */; };
		89A8C54C1C011BCA0017C319 /* LoginViewControllerTests.swift in Sources */ = {isa = PBXBuildFile; fileRef = 89A8C54B1C011BCA0017C319 /* LoginViewControllerTests.swift */; };
		89A8C5661C0136A30017C319 /* Spys.swift in Sources */ = {isa = PBXBuildFile; fileRef = 89A8C5651C0136A30017C319 /* Spys.swift */; };
		89A8C5681C0139480017C319 /* ParseWrapperTests.swift in Sources */ = {isa = PBXBuildFile; fileRef = 89A8C5671C0139480017C319 /* ParseWrapperTests.swift */; };
		89B5DE061BE2C00300DD06C5 /* AppDelegate.swift in Sources */ = {isa = PBXBuildFile; fileRef = 89B5DE051BE2C00300DD06C5 /* AppDelegate.swift */; };
		89B5DE081BE2C00300DD06C5 /* ViewController.swift in Sources */ = {isa = PBXBuildFile; fileRef = 89B5DE071BE2C00300DD06C5 /* ViewController.swift */; };
		89B5DE0B1BE2C00300DD06C5 /* Main.storyboard in Resources */ = {isa = PBXBuildFile; fileRef = 89B5DE091BE2C00300DD06C5 /* Main.storyboard */; };
		89B5DE0D1BE2C00300DD06C5 /* Assets.xcassets in Resources */ = {isa = PBXBuildFile; fileRef = 89B5DE0C1BE2C00300DD06C5 /* Assets.xcassets */; };
		89B5DE101BE2C00300DD06C5 /* LaunchScreen.storyboard in Resources */ = {isa = PBXBuildFile; fileRef = 89B5DE0E1BE2C00300DD06C5 /* LaunchScreen.storyboard */; };
		89B5DE261BE2C00400DD06C5 /* GuildsUITests.swift in Sources */ = {isa = PBXBuildFile; fileRef = 89B5DE251BE2C00400DD06C5 /* GuildsUITests.swift */; };
		89B5DEA71BEC315D00DD06C5 /* Bolts.framework in Frameworks */ = {isa = PBXBuildFile; fileRef = 89B5DEA41BEC315D00DD06C5 /* Bolts.framework */; };
		89B5DEA81BEC315D00DD06C5 /* Parse.framework in Frameworks */ = {isa = PBXBuildFile; fileRef = 89B5DEA51BEC315D00DD06C5 /* Parse.framework */; };
		89B5DEAB1BEC319C00DD06C5 /* Bolts.framework in CopyFiles */ = {isa = PBXBuildFile; fileRef = 89B5DEA41BEC315D00DD06C5 /* Bolts.framework */; settings = {ATTRIBUTES = (CodeSignOnCopy, RemoveHeadersOnCopy, ); }; };
		89B5DEAC1BEC319C00DD06C5 /* Parse.framework in CopyFiles */ = {isa = PBXBuildFile; fileRef = 89B5DEA51BEC315D00DD06C5 /* Parse.framework */; settings = {ATTRIBUTES = (CodeSignOnCopy, RemoveHeadersOnCopy, ); }; };
/* End PBXBuildFile section */

/* Begin PBXContainerItemProxy section */
		89B5DE171BE2C00300DD06C5 /* PBXContainerItemProxy */ = {
			isa = PBXContainerItemProxy;
			containerPortal = 89B5DDFA1BE2C00300DD06C5 /* Project object */;
			proxyType = 1;
			remoteGlobalIDString = 89B5DE011BE2C00300DD06C5;
			remoteInfo = Guilds;
		};
		89B5DE221BE2C00300DD06C5 /* PBXContainerItemProxy */ = {
			isa = PBXContainerItemProxy;
			containerPortal = 89B5DDFA1BE2C00300DD06C5 /* Project object */;
			proxyType = 1;
			remoteGlobalIDString = 89B5DE011BE2C00300DD06C5;
			remoteInfo = Guilds;
		};
/* End PBXContainerItemProxy section */

/* Begin PBXCopyFilesBuildPhase section */
		89B5DEAA1BEC319300DD06C5 /* CopyFiles */ = {
			isa = PBXCopyFilesBuildPhase;
			buildActionMask = 2147483647;
			dstPath = "";
			dstSubfolderSpec = 10;
			files = (
				89B5DEAB1BEC319C00DD06C5 /* Bolts.framework in CopyFiles */,
				89B5DEAC1BEC319C00DD06C5 /* Parse.framework in CopyFiles */,
			);
			runOnlyForDeploymentPostprocessing = 0;
		};
/* End PBXCopyFilesBuildPhase section */

/* Begin PBXFileReference section */
		89A8C5221BF575190017C319 /* Login.storyboard */ = {isa = PBXFileReference; fileEncoding = 4; lastKnownFileType = file.storyboard; path = Login.storyboard; sourceTree = "<group>"; };
		89A8C5241BFB64CE0017C319 /* LoginViewController.swift */ = {isa = PBXFileReference; fileEncoding = 4; lastKnownFileType = sourcecode.swift; path = LoginViewController.swift; sourceTree = "<group>"; };
		89A8C5281BFB657B0017C319 /* Button.swift */ = {isa = PBXFileReference; fileEncoding = 4; lastKnownFileType = sourcecode.swift; path = Button.swift; sourceTree = "<group>"; };
		89A8C5291BFB657B0017C319 /* ImageView.swift */ = {isa = PBXFileReference; fileEncoding = 4; lastKnownFileType = sourcecode.swift; path = ImageView.swift; sourceTree = "<group>"; };
		89A8C52A1BFB657B0017C319 /* Label.swift */ = {isa = PBXFileReference; fileEncoding = 4; lastKnownFileType = sourcecode.swift; path = Label.swift; sourceTree = "<group>"; };
		89A8C52B1BFB657B0017C319 /* View.swift */ = {isa = PBXFileReference; fileEncoding = 4; lastKnownFileType = sourcecode.swift; path = View.swift; sourceTree = "<group>"; };
		89A8C5311BFCC0350017C319 /* CreateAccountViewController.swift */ = {isa = PBXFileReference; fileEncoding = 4; lastKnownFileType = sourcecode.swift; path = CreateAccountViewController.swift; sourceTree = "<group>"; };
		89A8C5341BFCD8F20017C319 /* AccountViewLogic.swift */ = {isa = PBXFileReference; fileEncoding = 4; lastKnownFileType = sourcecode.swift; path = AccountViewLogic.swift; sourceTree = "<group>"; };
		89A8C5361BFCD9220017C319 /* AccountViewLogicTests.swift */ = {isa = PBXFileReference; fileEncoding = 4; lastKnownFileType = sourcecode.swift; path = AccountViewLogicTests.swift; sourceTree = "<group>"; };
		89A8C53A1BFE12380017C319 /* ParseWrapper.swift */ = {isa = PBXFileReference; fileEncoding = 4; lastKnownFileType = sourcecode.swift; path = ParseWrapper.swift; sourceTree = "<group>"; };
		89A8C53C1C010DCC0017C319 /* DesignablesTests.swift */ = {isa = PBXFileReference; fileEncoding = 4; lastKnownFileType = sourcecode.swift; path = DesignablesTests.swift; sourceTree = "<group>"; };
		89A8C53F1C0111C20017C319 /* GuildProtocols.swift */ = {isa = PBXFileReference; fileEncoding = 4; lastKnownFileType = sourcecode.swift; path = GuildProtocols.swift; sourceTree = "<group>"; };
		89A8C5421C01120F0017C319 /* ViewLogic.swift */ = {isa = PBXFileReference; fileEncoding = 4; lastKnownFileType = sourcecode.swift; path = ViewLogic.swift; sourceTree = "<group>"; };
		89A8C5451C01155A0017C319 /* Account.swift */ = {isa = PBXFileReference; fileEncoding = 4; lastKnownFileType = sourcecode.swift; path = Account.swift; sourceTree = "<group>"; };
		89A8C5491C011A3E0017C319 /* CreateAccountViewControllerTests.swift */ = {isa = PBXFileReference; fileEncoding = 4; lastKnownFileType = sourcecode.swift; path = CreateAccountViewControllerTests.swift; sourceTree = "<group>"; };
		89A8C54B1C011BCA0017C319 /* LoginViewControllerTests.swift */ = {isa = PBXFileReference; fileEncoding = 4; lastKnownFileType = sourcecode.swift; path = LoginViewControllerTests.swift; sourceTree = "<group>"; };
		89A8C5651C0136A30017C319 /* Spys.swift */ = {isa = PBXFileReference; fileEncoding = 4; lastKnownFileType = sourcecode.swift; path = Spys.swift; sourceTree = "<group>"; };
		89A8C5671C0139480017C319 /* ParseWrapperTests.swift */ = {isa = PBXFileReference; fileEncoding = 4; lastKnownFileType = sourcecode.swift; path = ParseWrapperTests.swift; sourceTree = "<group>"; };
		89B5DE021BE2C00300DD06C5 /* Guilds.app */ = {isa = PBXFileReference; explicitFileType = wrapper.application; includeInIndex = 0; path = Guilds.app; sourceTree = BUILT_PRODUCTS_DIR; };
		89B5DE051BE2C00300DD06C5 /* AppDelegate.swift */ = {isa = PBXFileReference; lastKnownFileType = sourcecode.swift; path = AppDelegate.swift; sourceTree = "<group>"; };
		89B5DE071BE2C00300DD06C5 /* ViewController.swift */ = {isa = PBXFileReference; lastKnownFileType = sourcecode.swift; path = ViewController.swift; sourceTree = "<group>"; };
		89B5DE0A1BE2C00300DD06C5 /* Base */ = {isa = PBXFileReference; lastKnownFileType = file.storyboard; name = Base; path = Base.lproj/Main.storyboard; sourceTree = "<group>"; };
		89B5DE0C1BE2C00300DD06C5 /* Assets.xcassets */ = {isa = PBXFileReference; lastKnownFileType = folder.assetcatalog; path = Assets.xcassets; sourceTree = "<group>"; };
		89B5DE0F1BE2C00300DD06C5 /* Base */ = {isa = PBXFileReference; lastKnownFileType = file.storyboard; name = Base; path = Base.lproj/LaunchScreen.storyboard; sourceTree = "<group>"; };
		89B5DE111BE2C00300DD06C5 /* Info.plist */ = {isa = PBXFileReference; lastKnownFileType = text.plist.xml; path = Info.plist; sourceTree = "<group>"; };
		89B5DE161BE2C00300DD06C5 /* GuildsTests.xctest */ = {isa = PBXFileReference; explicitFileType = wrapper.cfbundle; includeInIndex = 0; path = GuildsTests.xctest; sourceTree = BUILT_PRODUCTS_DIR; };
		89B5DE1C1BE2C00300DD06C5 /* Info.plist */ = {isa = PBXFileReference; lastKnownFileType = text.plist.xml; path = Info.plist; sourceTree = "<group>"; };
		89B5DE211BE2C00300DD06C5 /* GuildsUITests.xctest */ = {isa = PBXFileReference; explicitFileType = wrapper.cfbundle; includeInIndex = 0; path = GuildsUITests.xctest; sourceTree = BUILT_PRODUCTS_DIR; };
		89B5DE251BE2C00400DD06C5 /* GuildsUITests.swift */ = {isa = PBXFileReference; lastKnownFileType = sourcecode.swift; path = GuildsUITests.swift; sourceTree = "<group>"; };
		89B5DE271BE2C00400DD06C5 /* Info.plist */ = {isa = PBXFileReference; lastKnownFileType = text.plist.xml; path = Info.plist; sourceTree = "<group>"; };
		89B5DEA41BEC315D00DD06C5 /* Bolts.framework */ = {isa = PBXFileReference; lastKnownFileType = wrapper.framework; name = Bolts.framework; path = ../Rome/Bolts.framework; sourceTree = "<group>"; };
		89B5DEA51BEC315D00DD06C5 /* Parse.framework */ = {isa = PBXFileReference; lastKnownFileType = wrapper.framework; name = Parse.framework; path = ../Rome/Parse.framework; sourceTree = "<group>"; };
/* End PBXFileReference section */

/* Begin PBXFrameworksBuildPhase section */
		89B5DDFF1BE2C00300DD06C5 /* Frameworks */ = {
			isa = PBXFrameworksBuildPhase;
			buildActionMask = 2147483647;
			files = (
				89B5DEA81BEC315D00DD06C5 /* Parse.framework in Frameworks */,
				89B5DEA71BEC315D00DD06C5 /* Bolts.framework in Frameworks */,
			);
			runOnlyForDeploymentPostprocessing = 0;
		};
		89B5DE131BE2C00300DD06C5 /* Frameworks */ = {
			isa = PBXFrameworksBuildPhase;
			buildActionMask = 2147483647;
			files = (
				89A8C5381BFCDFDB0017C319 /* Parse.framework in Frameworks */,
			);
			runOnlyForDeploymentPostprocessing = 0;
		};
		89B5DE1E1BE2C00300DD06C5 /* Frameworks */ = {
			isa = PBXFrameworksBuildPhase;
			buildActionMask = 2147483647;
			files = (
			);
			runOnlyForDeploymentPostprocessing = 0;
		};
/* End PBXFrameworksBuildPhase section */

/* Begin PBXGroup section */
		89A8C5301BFB65800017C319 /* Designables */ = {
			isa = PBXGroup;
			children = (
				89A8C5281BFB657B0017C319 /* Button.swift */,
				89A8C5291BFB657B0017C319 /* ImageView.swift */,
				89A8C52A1BFB657B0017C319 /* Label.swift */,
				89A8C52B1BFB657B0017C319 /* View.swift */,
			);
			name = Designables;
			sourceTree = "<group>";
		};
		89A8C5331BFCC03A0017C319 /* Account Login/Registration */ = {
			isa = PBXGroup;
			children = (
				89A8C5341BFCD8F20017C319 /* AccountViewLogic.swift */,
				89A8C5241BFB64CE0017C319 /* LoginViewController.swift */,
				89A8C5311BFCC0350017C319 /* CreateAccountViewController.swift */,
			);
			name = "Account Login/Registration";
			sourceTree = "<group>";
		};
		89A8C5391BFE122D0017C319 /* Parse */ = {
			isa = PBXGroup;
			children = (
				89A8C53A1BFE12380017C319 /* ParseWrapper.swift */,
			);
			name = Parse;
			sourceTree = "<group>";
		};
		89A8C53E1C0111B50017C319 /* Protocols */ = {
			isa = PBXGroup;
			children = (
				89A8C53F1C0111C20017C319 /* GuildProtocols.swift */,
			);
			name = Protocols;
			sourceTree = "<group>";
		};
		89A8C5411C0112070017C319 /* Base */ = {
			isa = PBXGroup;
			children = (
				89A8C5421C01120F0017C319 /* ViewLogic.swift */,
			);
			name = Base;
			sourceTree = "<group>";
		};
		89A8C5441C0115480017C319 /* Structs */ = {
			isa = PBXGroup;
			children = (
				89A8C5451C01155A0017C319 /* Account.swift */,
			);
			name = Structs;
			sourceTree = "<group>";
		};
		89A8C5641C0136930017C319 /* Spy Objects */ = {
			isa = PBXGroup;
			children = (
				89A8C5651C0136A30017C319 /* Spys.swift */,
			);
			name = "Spy Objects";
			sourceTree = "<group>";
		};
		89B5DDF91BE2C00300DD06C5 = {
			isa = PBXGroup;
			children = (
				89B5DEA41BEC315D00DD06C5 /* Bolts.framework */,
				89B5DEA51BEC315D00DD06C5 /* Parse.framework */,
				89B5DE041BE2C00300DD06C5 /* Guilds */,
				89B5DE191BE2C00300DD06C5 /* GuildsTests */,
				89B5DE241BE2C00300DD06C5 /* GuildsUITests */,
				89B5DE031BE2C00300DD06C5 /* Products */,
			);
			sourceTree = "<group>";
		};
		89B5DE031BE2C00300DD06C5 /* Products */ = {
			isa = PBXGroup;
			children = (
				89B5DE021BE2C00300DD06C5 /* Guilds.app */,
				89B5DE161BE2C00300DD06C5 /* GuildsTests.xctest */,
				89B5DE211BE2C00300DD06C5 /* GuildsUITests.xctest */,
			);
			name = Products;
			sourceTree = "<group>";
		};
		89B5DE041BE2C00300DD06C5 /* Guilds */ = {
			isa = PBXGroup;
			children = (
				89A8C5411C0112070017C319 /* Base */,
				89A8C5441C0115480017C319 /* Structs */,
				89A8C53E1C0111B50017C319 /* Protocols */,
				89A8C5391BFE122D0017C319 /* Parse */,
				89A8C5301BFB65800017C319 /* Designables */,
				89B5DE051BE2C00300DD06C5 /* AppDelegate.swift */,
				89B5DE071BE2C00300DD06C5 /* ViewController.swift */,
				89A8C5331BFCC03A0017C319 /* Account Login/Registration */,
				89B5DF121BEC4F1D00DD06C5 /* Storyboards */,
				89B5DE0C1BE2C00300DD06C5 /* Assets.xcassets */,
				89B5DE0E1BE2C00300DD06C5 /* LaunchScreen.storyboard */,
				89B5DE111BE2C00300DD06C5 /* Info.plist */,
			);
			path = Guilds;
			sourceTree = "<group>";
		};
		89B5DE191BE2C00300DD06C5 /* GuildsTests */ = {
			isa = PBXGroup;
			children = (
				89A8C5641C0136930017C319 /* Spy Objects */,
				89A8C5671C0139480017C319 /* ParseWrapperTests.swift */,
				89A8C53C1C010DCC0017C319 /* DesignablesTests.swift */,
				89A8C5361BFCD9220017C319 /* AccountViewLogicTests.swift */,
				89A8C5491C011A3E0017C319 /* CreateAccountViewControllerTests.swift */,
				89A8C54B1C011BCA0017C319 /* LoginViewControllerTests.swift */,
				89B5DE1C1BE2C00300DD06C5 /* Info.plist */,
			);
			path = GuildsTests;
			sourceTree = "<group>";
		};
		89B5DE241BE2C00300DD06C5 /* GuildsUITests */ = {
			isa = PBXGroup;
			children = (
				89B5DE251BE2C00400DD06C5 /* GuildsUITests.swift */,
				89B5DE271BE2C00400DD06C5 /* Info.plist */,
			);
			path = GuildsUITests;
			sourceTree = "<group>";
		};
		89B5DF121BEC4F1D00DD06C5 /* Storyboards */ = {
			isa = PBXGroup;
			children = (
				89B5DE091BE2C00300DD06C5 /* Main.storyboard */,
				89A8C5221BF575190017C319 /* Login.storyboard */,
			);
			name = Storyboards;
			sourceTree = "<group>";
		};
/* End PBXGroup section */

/* Begin PBXNativeTarget section */
		89B5DE011BE2C00300DD06C5 /* Guilds */ = {
			isa = PBXNativeTarget;
			buildConfigurationList = 89B5DE2A1BE2C00400DD06C5 /* Build configuration list for PBXNativeTarget "Guilds" */;
			buildPhases = (
				89B5DDFE1BE2C00300DD06C5 /* Sources */,
				89B5DDFF1BE2C00300DD06C5 /* Frameworks */,
				89B5DE001BE2C00300DD06C5 /* Resources */,
				89B5DEAA1BEC319300DD06C5 /* CopyFiles */,
			);
			buildRules = (
			);
			dependencies = (
			);
			name = Guilds;
			productName = Guilds;
			productReference = 89B5DE021BE2C00300DD06C5 /* Guilds.app */;
			productType = "com.apple.product-type.application";
		};
		89B5DE151BE2C00300DD06C5 /* GuildsTests */ = {
			isa = PBXNativeTarget;
			buildConfigurationList = 89B5DE2D1BE2C00400DD06C5 /* Build configuration list for PBXNativeTarget "GuildsTests" */;
			buildPhases = (
				89B5DE121BE2C00300DD06C5 /* Sources */,
				89B5DE131BE2C00300DD06C5 /* Frameworks */,
				89B5DE141BE2C00300DD06C5 /* Resources */,
			);
			buildRules = (
			);
			dependencies = (
				89B5DE181BE2C00300DD06C5 /* PBXTargetDependency */,
			);
			name = GuildsTests;
			productName = GuildsTests;
			productReference = 89B5DE161BE2C00300DD06C5 /* GuildsTests.xctest */;
			productType = "com.apple.product-type.bundle.unit-test";
		};
		89B5DE201BE2C00300DD06C5 /* GuildsUITests */ = {
			isa = PBXNativeTarget;
			buildConfigurationList = 89B5DE301BE2C00400DD06C5 /* Build configuration list for PBXNativeTarget "GuildsUITests" */;
			buildPhases = (
				89B5DE1D1BE2C00300DD06C5 /* Sources */,
				89B5DE1E1BE2C00300DD06C5 /* Frameworks */,
				89B5DE1F1BE2C00300DD06C5 /* Resources */,
			);
			buildRules = (
			);
			dependencies = (
				89B5DE231BE2C00300DD06C5 /* PBXTargetDependency */,
			);
			name = GuildsUITests;
			productName = GuildsUITests;
			productReference = 89B5DE211BE2C00300DD06C5 /* GuildsUITests.xctest */;
			productType = "com.apple.product-type.bundle.ui-testing";
		};
/* End PBXNativeTarget section */

/* Begin PBXProject section */
		89B5DDFA1BE2C00300DD06C5 /* Project object */ = {
			isa = PBXProject;
			attributes = {
				LastSwiftUpdateCheck = 0710;
				LastUpgradeCheck = 0710;
				ORGANIZATIONNAME = ICCT;
				TargetAttributes = {
					89B5DE011BE2C00300DD06C5 = {
						CreatedOnToolsVersion = 7.1;
						DevelopmentTeam = Z46KU7GJC9;
					};
					89B5DE151BE2C00300DD06C5 = {
						CreatedOnToolsVersion = 7.1;
						TestTargetID = 89B5DE011BE2C00300DD06C5;
					};
					89B5DE201BE2C00300DD06C5 = {
						CreatedOnToolsVersion = 7.1;
						TestTargetID = 89B5DE011BE2C00300DD06C5;
					};
				};
			};
			buildConfigurationList = 89B5DDFD1BE2C00300DD06C5 /* Build configuration list for PBXProject "Guilds" */;
			compatibilityVersion = "Xcode 3.2";
			developmentRegion = English;
			hasScannedForEncodings = 0;
			knownRegions = (
				en,
				Base,
			);
			mainGroup = 89B5DDF91BE2C00300DD06C5;
			productRefGroup = 89B5DE031BE2C00300DD06C5 /* Products */;
			projectDirPath = "";
			projectRoot = "";
			targets = (
				89B5DE011BE2C00300DD06C5 /* Guilds */,
				89B5DE151BE2C00300DD06C5 /* GuildsTests */,
				89B5DE201BE2C00300DD06C5 /* GuildsUITests */,
			);
		};
/* End PBXProject section */

/* Begin PBXResourcesBuildPhase section */
		89B5DE001BE2C00300DD06C5 /* Resources */ = {
			isa = PBXResourcesBuildPhase;
			buildActionMask = 2147483647;
			files = (
				89A8C5231BF575190017C319 /* Login.storyboard in Resources */,
				89B5DE101BE2C00300DD06C5 /* LaunchScreen.storyboard in Resources */,
				89B5DE0D1BE2C00300DD06C5 /* Assets.xcassets in Resources */,
				89B5DE0B1BE2C00300DD06C5 /* Main.storyboard in Resources */,
			);
			runOnlyForDeploymentPostprocessing = 0;
		};
		89B5DE141BE2C00300DD06C5 /* Resources */ = {
			isa = PBXResourcesBuildPhase;
			buildActionMask = 2147483647;
			files = (
			);
			runOnlyForDeploymentPostprocessing = 0;
		};
		89B5DE1F1BE2C00300DD06C5 /* Resources */ = {
			isa = PBXResourcesBuildPhase;
			buildActionMask = 2147483647;
			files = (
			);
			runOnlyForDeploymentPostprocessing = 0;
		};
/* End PBXResourcesBuildPhase section */

/* Begin PBXSourcesBuildPhase section */
		89B5DDFE1BE2C00300DD06C5 /* Sources */ = {
			isa = PBXSourcesBuildPhase;
			buildActionMask = 2147483647;
			files = (
				89A8C52D1BFB657B0017C319 /* ImageView.swift in Sources */,
				89A8C5461C01155A0017C319 /* Account.swift in Sources */,
				89A8C53B1BFE12380017C319 /* ParseWrapper.swift in Sources */,
				89A8C5351BFCD8F20017C319 /* AccountViewLogic.swift in Sources */,
				89A8C5251BFB64CE0017C319 /* LoginViewController.swift in Sources */,
				89A8C52E1BFB657B0017C319 /* Label.swift in Sources */,
				89B5DE081BE2C00300DD06C5 /* ViewController.swift in Sources */,
				89A8C5401C0111C20017C319 /* GuildProtocols.swift in Sources */,
				89A8C5431C01120F0017C319 /* ViewLogic.swift in Sources */,
				89A8C5321BFCC0350017C319 /* CreateAccountViewController.swift in Sources */,
				89B5DE061BE2C00300DD06C5 /* AppDelegate.swift in Sources */,
				89A8C52F1BFB657B0017C319 /* View.swift in Sources */,
				89A8C52C1BFB657B0017C319 /* Button.swift in Sources */,
			);
			runOnlyForDeploymentPostprocessing = 0;
		};
		89B5DE121BE2C00300DD06C5 /* Sources */ = {
			isa = PBXSourcesBuildPhase;
			buildActionMask = 2147483647;
			files = (
				89A8C54C1C011BCA0017C319 /* LoginViewControllerTests.swift in Sources */,
				89A8C54A1C011A3E0017C319 /* CreateAccountViewControllerTests.swift in Sources */,
				89A8C5371BFCD9220017C319 /* AccountViewLogicTests.swift in Sources */,
				89A8C5681C0139480017C319 /* ParseWrapperTests.swift in Sources */,
				89A8C5661C0136A30017C319 /* Spys.swift in Sources */,
				89A8C53D1C010DCC0017C319 /* DesignablesTests.swift in Sources */,
			);
			runOnlyForDeploymentPostprocessing = 0;
		};
		89B5DE1D1BE2C00300DD06C5 /* Sources */ = {
			isa = PBXSourcesBuildPhase;
			buildActionMask = 2147483647;
			files = (
				89B5DE261BE2C00400DD06C5 /* GuildsUITests.swift in Sources */,
			);
			runOnlyForDeploymentPostprocessing = 0;
		};
/* End PBXSourcesBuildPhase section */

/* Begin PBXTargetDependency section */
		89B5DE181BE2C00300DD06C5 /* PBXTargetDependency */ = {
			isa = PBXTargetDependency;
			target = 89B5DE011BE2C00300DD06C5 /* Guilds */;
			targetProxy = 89B5DE171BE2C00300DD06C5 /* PBXContainerItemProxy */;
		};
		89B5DE231BE2C00300DD06C5 /* PBXTargetDependency */ = {
			isa = PBXTargetDependency;
			target = 89B5DE011BE2C00300DD06C5 /* Guilds */;
			targetProxy = 89B5DE221BE2C00300DD06C5 /* PBXContainerItemProxy */;
		};
/* End PBXTargetDependency section */

/* Begin PBXVariantGroup section */
		89B5DE091BE2C00300DD06C5 /* Main.storyboard */ = {
			isa = PBXVariantGroup;
			children = (
				89B5DE0A1BE2C00300DD06C5 /* Base */,
			);
			name = Main.storyboard;
			sourceTree = "<group>";
		};
		89B5DE0E1BE2C00300DD06C5 /* LaunchScreen.storyboard */ = {
			isa = PBXVariantGroup;
			children = (
				89B5DE0F1BE2C00300DD06C5 /* Base */,
			);
			name = LaunchScreen.storyboard;
			sourceTree = "<group>";
		};
/* End PBXVariantGroup section */

/* Begin XCBuildConfiguration section */
		89B5DE281BE2C00400DD06C5 /* Debug */ = {
			isa = XCBuildConfiguration;
			buildSettings = {
				ALWAYS_SEARCH_USER_PATHS = NO;
				CLANG_CXX_LANGUAGE_STANDARD = "gnu++0x";
				CLANG_CXX_LIBRARY = "libc++";
				CLANG_ENABLE_MODULES = YES;
				CLANG_ENABLE_OBJC_ARC = YES;
				CLANG_WARN_BOOL_CONVERSION = YES;
				CLANG_WARN_CONSTANT_CONVERSION = YES;
				CLANG_WARN_DIRECT_OBJC_ISA_USAGE = YES_ERROR;
				CLANG_WARN_EMPTY_BODY = YES;
				CLANG_WARN_ENUM_CONVERSION = YES;
				CLANG_WARN_INT_CONVERSION = YES;
				CLANG_WARN_OBJC_ROOT_CLASS = YES_ERROR;
				CLANG_WARN_UNREACHABLE_CODE = YES;
				CLANG_WARN__DUPLICATE_METHOD_MATCH = YES;
				"CODE_SIGN_IDENTITY[sdk=iphoneos*]" = "iPhone Developer";
				COPY_PHASE_STRIP = NO;
				DEBUG_INFORMATION_FORMAT = dwarf;
				ENABLE_STRICT_OBJC_MSGSEND = YES;
				ENABLE_TESTABILITY = YES;
				GCC_C_LANGUAGE_STANDARD = gnu99;
				GCC_DYNAMIC_NO_PIC = NO;
				GCC_NO_COMMON_BLOCKS = YES;
				GCC_OPTIMIZATION_LEVEL = 0;
				GCC_PREPROCESSOR_DEFINITIONS = (
					"DEBUG=1",
					"$(inherited)",
				);
				GCC_WARN_64_TO_32_BIT_CONVERSION = YES;
				GCC_WARN_ABOUT_RETURN_TYPE = YES_ERROR;
				GCC_WARN_UNDECLARED_SELECTOR = YES;
				GCC_WARN_UNINITIALIZED_AUTOS = YES_AGGRESSIVE;
				GCC_WARN_UNUSED_FUNCTION = YES;
				GCC_WARN_UNUSED_VARIABLE = YES;
				IPHONEOS_DEPLOYMENT_TARGET = 9.1;
				MTL_ENABLE_DEBUG_INFO = YES;
				ONLY_ACTIVE_ARCH = YES;
				SDKROOT = iphoneos;
				SWIFT_OPTIMIZATION_LEVEL = "-Onone";
			};
			name = Debug;
		};
		89B5DE291BE2C00400DD06C5 /* Release */ = {
			isa = XCBuildConfiguration;
			buildSettings = {
				ALWAYS_SEARCH_USER_PATHS = NO;
				CLANG_CXX_LANGUAGE_STANDARD = "gnu++0x";
				CLANG_CXX_LIBRARY = "libc++";
				CLANG_ENABLE_MODULES = YES;
				CLANG_ENABLE_OBJC_ARC = YES;
				CLANG_WARN_BOOL_CONVERSION = YES;
				CLANG_WARN_CONSTANT_CONVERSION = YES;
				CLANG_WARN_DIRECT_OBJC_ISA_USAGE = YES_ERROR;
				CLANG_WARN_EMPTY_BODY = YES;
				CLANG_WARN_ENUM_CONVERSION = YES;
				CLANG_WARN_INT_CONVERSION = YES;
				CLANG_WARN_OBJC_ROOT_CLASS = YES_ERROR;
				CLANG_WARN_UNREACHABLE_CODE = YES;
				CLANG_WARN__DUPLICATE_METHOD_MATCH = YES;
				"CODE_SIGN_IDENTITY[sdk=iphoneos*]" = "iPhone Developer";
				COPY_PHASE_STRIP = NO;
				DEBUG_INFORMATION_FORMAT = "dwarf-with-dsym";
				ENABLE_NS_ASSERTIONS = NO;
				ENABLE_STRICT_OBJC_MSGSEND = YES;
				GCC_C_LANGUAGE_STANDARD = gnu99;
				GCC_NO_COMMON_BLOCKS = YES;
				GCC_WARN_64_TO_32_BIT_CONVERSION = YES;
				GCC_WARN_ABOUT_RETURN_TYPE = YES_ERROR;
				GCC_WARN_UNDECLARED_SELECTOR = YES;
				GCC_WARN_UNINITIALIZED_AUTOS = YES_AGGRESSIVE;
				GCC_WARN_UNUSED_FUNCTION = YES;
				GCC_WARN_UNUSED_VARIABLE = YES;
				IPHONEOS_DEPLOYMENT_TARGET = 9.1;
				MTL_ENABLE_DEBUG_INFO = NO;
				SDKROOT = iphoneos;
				VALIDATE_PRODUCT = YES;
			};
			name = Release;
		};
		89B5DE2B1BE2C00400DD06C5 /* Debug */ = {
			isa = XCBuildConfiguration;
			buildSettings = {
				ASSETCATALOG_COMPILER_APPICON_NAME = AppIcon;
				CODE_SIGN_IDENTITY = "iPhone Developer";
				FRAMEWORK_SEARCH_PATHS = "$(SRCROOT)/../Rome/";
				INFOPLIST_FILE = Guilds/Info.plist;
				LD_RUNPATH_SEARCH_PATHS = "$(inherited) @executable_path/Frameworks";
				PRODUCT_BUNDLE_IDENTIFIER = com.icct.Guilds;
				PRODUCT_NAME = "$(TARGET_NAME)";
			};
			name = Debug;
		};
		89B5DE2C1BE2C00400DD06C5 /* Release */ = {
			isa = XCBuildConfiguration;
			buildSettings = {
				ASSETCATALOG_COMPILER_APPICON_NAME = AppIcon;
				CODE_SIGN_IDENTITY = "iPhone Developer";
				FRAMEWORK_SEARCH_PATHS = "$(SRCROOT)/../Rome/";
				INFOPLIST_FILE = Guilds/Info.plist;
				LD_RUNPATH_SEARCH_PATHS = "$(inherited) @executable_path/Frameworks";
				PRODUCT_BUNDLE_IDENTIFIER = com.icct.Guilds;
				PRODUCT_NAME = "$(TARGET_NAME)";
			};
			name = Release;
		};
		89B5DE2E1BE2C00400DD06C5 /* Debug */ = {
			isa = XCBuildConfiguration;
			buildSettings = {
				BUNDLE_LOADER = "$(TEST_HOST)";
				CLANG_ENABLE_MODULES = YES;
				FRAMEWORK_SEARCH_PATHS = "$(SRCROOT)/../Rome/";
				INFOPLIST_FILE = GuildsTests/Info.plist;
				LD_RUNPATH_SEARCH_PATHS = "$(inherited) @executable_path/Frameworks @loader_path/Frameworks";
				PRODUCT_BUNDLE_IDENTIFIER = com.icct.GuildsTests;
				PRODUCT_NAME = "$(TARGET_NAME)";
				SWIFT_OPTIMIZATION_LEVEL = "-Onone";
				TEST_HOST = "$(BUILT_PRODUCTS_DIR)/Guilds.app/Guilds";
			};
			name = Debug;
		};
		89B5DE2F1BE2C00400DD06C5 /* Release */ = {
			isa = XCBuildConfiguration;
			buildSettings = {
				BUNDLE_LOADER = "$(TEST_HOST)";
				CLANG_ENABLE_MODULES = YES;
				FRAMEWORK_SEARCH_PATHS = "$(SRCROOT)/../Rome/";
				INFOPLIST_FILE = GuildsTests/Info.plist;
				LD_RUNPATH_SEARCH_PATHS = "$(inherited) @executable_path/Frameworks @loader_path/Frameworks";
				PRODUCT_BUNDLE_IDENTIFIER = com.icct.GuildsTests;
				PRODUCT_NAME = "$(TARGET_NAME)";
				TEST_HOST = "$(BUILT_PRODUCTS_DIR)/Guilds.app/Guilds";
			};
			name = Release;
		};
		89B5DE311BE2C00400DD06C5 /* Debug */ = {
			isa = XCBuildConfiguration;
			buildSettings = {
				INFOPLIST_FILE = GuildsUITests/Info.plist;
				LD_RUNPATH_SEARCH_PATHS = "$(inherited) @executable_path/Frameworks @loader_path/Frameworks";
				PRODUCT_BUNDLE_IDENTIFIER = com.icct.GuildsUITests;
				PRODUCT_NAME = "$(TARGET_NAME)";
				TEST_TARGET_NAME = Guilds;
				USES_XCTRUNNER = YES;
			};
			name = Debug;
		};
		89B5DE321BE2C00400DD06C5 /* Release */ = {
			isa = XCBuildConfiguration;
			buildSettings = {
				INFOPLIST_FILE = GuildsUITests/Info.plist;
				LD_RUNPATH_SEARCH_PATHS = "$(inherited) @executable_path/Frameworks @loader_path/Frameworks";
				PRODUCT_BUNDLE_IDENTIFIER = com.icct.GuildsUITests;
				PRODUCT_NAME = "$(TARGET_NAME)";
				TEST_TARGET_NAME = Guilds;
				USES_XCTRUNNER = YES;
			};
			name = Release;
		};
/* End XCBuildConfiguration section */

/* Begin XCConfigurationList section */
		89B5DDFD1BE2C00300DD06C5 /* Build configuration list for PBXProject "Guilds" */ = {
			isa = XCConfigurationList;
			buildConfigurations = (
				89B5DE281BE2C00400DD06C5 /* Debug */,
				89B5DE291BE2C00400DD06C5 /* Release */,
			);
			defaultConfigurationIsVisible = 0;
			defaultConfigurationName = Release;
		};
		89B5DE2A1BE2C00400DD06C5 /* Build configuration list for PBXNativeTarget "Guilds" */ = {
			isa = XCConfigurationList;
			buildConfigurations = (
				89B5DE2B1BE2C00400DD06C5 /* Debug */,
				89B5DE2C1BE2C00400DD06C5 /* Release */,
			);
			defaultConfigurationIsVisible = 0;
			defaultConfigurationName = Release;
		};
		89B5DE2D1BE2C00400DD06C5 /* Build configuration list for PBXNativeTarget "GuildsTests" */ = {
			isa = XCConfigurationList;
			buildConfigurations = (
				89B5DE2E1BE2C00400DD06C5 /* Debug */,
				89B5DE2F1BE2C00400DD06C5 /* Release */,
			);
			defaultConfigurationIsVisible = 0;
			defaultConfigurationName = Release;
		};
		89B5DE301BE2C00400DD06C5 /* Build configuration list for PBXNativeTarget "GuildsUITests" */ = {
			isa = XCConfigurationList;
			buildConfigurations = (
				89B5DE311BE2C00400DD06C5 /* Debug */,
				89B5DE321BE2C00400DD06C5 /* Release */,
			);
			defaultConfigurationIsVisible = 0;
			defaultConfigurationName = Release;
		};
/* End XCConfigurationList section */
	};
	rootObject = 89B5DDFA1BE2C00300DD06C5 /* Project object */;
}
